
Microsoft Visual Studio Solution File, Format Version 12.00
# Visual Studio 15
VisualStudioVersion = 15.0.28307.168
MinimumVisualStudioVersion = 10.0.40219.1
Project("{FAE04EC0-301F-11D3-BF4B-00C04F79EFBC}") = "MailSender", "MailSender\MailSender.csproj", "{F41CB514-4BD5-4D18-8411-7B0579F510F2}"
EndProject
Project("{FAE04EC0-301F-11D3-BF4B-00C04F79EFBC}") = "SpamTools.lib", "SpamTools.lib\SpamTools.lib.csproj", "{772FEDB7-183B-40F1-89D1-4415997A0D1E}"
EndProject
Project("{FAE04EC0-301F-11D3-BF4B-00C04F79EFBC}") = "EmailSendService.lib", "EmailSendService.lib\EmailSendService.lib.csproj", "{1C081ED6-B778-44E9-B0D8-36FAAB09A87A}"
EndProject
Project("{2150E333-8FDC-42A3-9474-1A3956D46DE8}") = "Tests", "Tests", "{8BB062CE-B09C-4B1F-9E7B-612FA41317E0}"
EndProject
Project("{FAE04EC0-301F-11D3-BF4B-00C04F79EFBC}") = "SpamTools.lib.Tests", "SpamTools.lib.Tests\SpamTools.lib.Tests.csproj", "{F28BF459-9A95-4B66-AC0A-D50D9216108E}"
EndProject
Project("{FAE04EC0-301F-11D3-BF4B-00C04F79EFBC}") = "hw5", "hw5\hw5.csproj", "{7BE85544-8D56-4E23-8E2E-8C1939D21427}"
EndProject
Global
	GlobalSection(SolutionConfigurationPlatforms) = preSolution
		Debug|Any CPU = Debug|Any CPU
		Release|Any CPU = Release|Any CPU
	EndGlobalSection
	GlobalSection(ProjectConfigurationPlatforms) = postSolution
		{F41CB514-4BD5-4D18-8411-7B0579F510F2}.Debug|Any CPU.ActiveCfg = Debug|Any CPU
		{F41CB514-4BD5-4D18-8411-7B0579F510F2}.Debug|Any CPU.Build.0 = Debug|Any CPU
		{F41CB514-4BD5-4D18-8411-7B0579F510F2}.Release|Any CPU.ActiveCfg = Release|Any CPU
		{F41CB514-4BD5-4D18-8411-7B0579F510F2}.Release|Any CPU.Build.0 = Release|Any CPU
		{772FEDB7-183B-40F1-89D1-4415997A0D1E}.Debug|Any CPU.ActiveCfg = Debug|Any CPU
		{772FEDB7-183B-40F1-89D1-4415997A0D1E}.Debug|Any CPU.Build.0 = Debug|Any CPU
		{772FEDB7-183B-40F1-89D1-4415997A0D1E}.Release|Any CPU.ActiveCfg = Release|Any CPU
		{772FEDB7-183B-40F1-89D1-4415997A0D1E}.Release|Any CPU.Build.0 = Release|Any CPU
		{1C081ED6-B778-44E9-B0D8-36FAAB09A87A}.Debug|Any CPU.ActiveCfg = Debug|Any CPU
		{1C081ED6-B778-44E9-B0D8-36FAAB09A87A}.Debug|Any CPU.Build.0 = Debug|Any CPU
		{1C081ED6-B778-44E9-B0D8-36FAAB09A87A}.Release|Any CPU.ActiveCfg = Release|Any CPU
		{1C081ED6-B778-44E9-B0D8-36FAAB09A87A}.Release|Any CPU.Build.0 = Release|Any CPU
		{F28BF459-9A95-4B66-AC0A-D50D9216108E}.Debug|Any CPU.ActiveCfg = Debug|Any CPU
		{F28BF459-9A95-4B66-AC0A-D50D9216108E}.Debug|Any CPU.Build.0 = Debug|Any CPU
		{F28BF459-9A95-4B66-AC0A-D50D9216108E}.Release|Any CPU.ActiveCfg = Release|Any CPU
		{F28BF459-9A95-4B66-AC0A-D50D9216108E}.Release|Any CPU.Build.0 = Release|Any CPU
		{7BE85544-8D56-4E23-8E2E-8C1939D21427}.Debug|Any CPU.ActiveCfg = Debug|Any CPU
		{7BE85544-8D56-4E23-8E2E-8C1939D21427}.Debug|Any CPU.Build.0 = Debug|Any CPU
		{7BE85544-8D56-4E23-8E2E-8C1939D21427}.Release|Any CPU.ActiveCfg = Release|Any CPU
		{7BE85544-8D56-4E23-8E2E-8C1939D21427}.Release|Any CPU.Build.0 = Release|Any CPU
	EndGlobalSection
	GlobalSection(SolutionProperties) = preSolution
		HideSolutionNode = FALSE
	EndGlobalSection
	GlobalSection(NestedProjects) = preSolution
		{F28BF459-9A95-4B66-AC0A-D50D9216108E} = {8BB062CE-B09C-4B1F-9E7B-612FA41317E0}
	EndGlobalSection
	GlobalSection(ExtensibilityGlobals) = postSolution
		SolutionGuid = {F5A42F05-4853-4892-8AB8-28B2CD3F0A5E}
	EndGlobalSection
EndGlobal
